
Microsoft Visual Studio Solution File, Format Version 12.00
# Visual Studio Version 17
VisualStudioVersion = 17.3.32825.248
MinimumVisualStudioVersion = 10.0.40219.1
Project("{8BC9CEB8-8B4A-11D0-8D11-00A0C91BC942}") = "3.1_lab", "3.1_lab\3.1_lab.vcxproj", "{5D43208A-5652-4AAE-ADD1-2A795ECA4092}"
EndProject
Project("{8BC9CEB8-8B4A-11D0-8D11-00A0C91BC942}") = "3.2_lab", "3.2_lab\3.2_lab.vcxproj", "{ECAB2EDC-F5A9-40C6-AFC8-28F01ADA087A}"
EndProject
Global
	GlobalSection(SolutionConfigurationPlatforms) = preSolution
		Debug|x64 = Debug|x64
		Debug|x86 = Debug|x86
		Release|x64 = Release|x64
		Release|x86 = Release|x86
	EndGlobalSection
	GlobalSection(ProjectConfigurationPlatforms) = postSolution
		{5D43208A-5652-4AAE-ADD1-2A795ECA4092}.Debug|x64.ActiveCfg = Debug|x64
		{5D43208A-5652-4AAE-ADD1-2A795ECA4092}.Debug|x64.Build.0 = Debug|x64
		{5D43208A-5652-4AAE-ADD1-2A795ECA4092}.Debug|x86.ActiveCfg = Debug|Win32
		{5D43208A-5652-4AAE-ADD1-2A795ECA4092}.Debug|x86.Build.0 = Debug|Win32
		{5D43208A-5652-4AAE-ADD1-2A795ECA4092}.Release|x64.ActiveCfg = Release|x64
		{5D43208A-5652-4AAE-ADD1-2A795ECA4092}.Release|x64.Build.0 = Release|x64
		{5D43208A-5652-4AAE-ADD1-2A795ECA4092}.Release|x86.ActiveCfg = Release|Win32
		{5D43208A-5652-4AAE-ADD1-2A795ECA4092}.Release|x86.Build.0 = Release|Win32
		{ECAB2EDC-F5A9-40C6-AFC8-28F01ADA087A}.Debug|x64.ActiveCfg = Debug|x64
		{ECAB2EDC-F5A9-40C6-AFC8-28F01ADA087A}.Debug|x64.Build.0 = Debug|x64
		{ECAB2EDC-F5A9-40C6-AFC8-28F01ADA087A}.Debug|x86.ActiveCfg = Debug|Win32
		{ECAB2EDC-F5A9-40C6-AFC8-28F01ADA087A}.Debug|x86.Build.0 = Debug|Win32
		{ECAB2EDC-F5A9-40C6-AFC8-28F01ADA087A}.Release|x64.ActiveCfg = Release|x64
		{ECAB2EDC-F5A9-40C6-AFC8-28F01ADA087A}.Release|x64.Build.0 = Release|x64
		{ECAB2EDC-F5A9-40C6-AFC8-28F01ADA087A}.Release|x86.ActiveCfg = Release|Win32
		{ECAB2EDC-F5A9-40C6-AFC8-28F01ADA087A}.Release|x86.Build.0 = Release|Win32
	EndGlobalSection
	GlobalSection(SolutionProperties) = preSolution
		HideSolutionNode = FALSE
	EndGlobalSection
	GlobalSection(ExtensibilityGlobals) = postSolution
		SolutionGuid = {D3F1BA31-F3A4-4B20-9226-BC62046C8BDA}
	EndGlobalSection
EndGlobal
